
Microsoft Visual Studio Solution File, Format Version 12.00
# Visual Studio Version 17
VisualStudioVersion = 17.4.33110.190
MinimumVisualStudioVersion = 10.0.40219.1
Project("{FAE04EC0-301F-11D3-BF4B-00C04F79EFBC}") = "wLightBoxRewritten", "wLightBoxRewritten\wLightBoxRewritten.csproj", "{F3576F64-7BE9-425F-B465-CF1531553188}"
EndProject
Project("{FAE04EC0-301F-11D3-BF4B-00C04F79EFBC}") = "wLightBoxRewrittenTests", "wLightBoxRewrittenTests\wLightBoxRewrittenTests.csproj", "{2C0375FC-2076-4014-BAF1-CACE4D33E0C8}"
EndProject
Global
	GlobalSection(SolutionConfigurationPlatforms) = preSolution
		Debug|Any CPU = Debug|Any CPU
		Release|Any CPU = Release|Any CPU
	EndGlobalSection
	GlobalSection(ProjectConfigurationPlatforms) = postSolution
		{F3576F64-7BE9-425F-B465-CF1531553188}.Debug|Any CPU.ActiveCfg = Debug|Any CPU
		{F3576F64-7BE9-425F-B465-CF1531553188}.Debug|Any CPU.Build.0 = Debug|Any CPU
		{F3576F64-7BE9-425F-B465-CF1531553188}.Release|Any CPU.ActiveCfg = Release|Any CPU
		{F3576F64-7BE9-425F-B465-CF1531553188}.Release|Any CPU.Build.0 = Release|Any CPU
		{2C0375FC-2076-4014-BAF1-CACE4D33E0C8}.Debug|Any CPU.ActiveCfg = Debug|Any CPU
		{2C0375FC-2076-4014-BAF1-CACE4D33E0C8}.Debug|Any CPU.Build.0 = Debug|Any CPU
		{2C0375FC-2076-4014-BAF1-CACE4D33E0C8}.Release|Any CPU.ActiveCfg = Release|Any CPU
		{2C0375FC-2076-4014-BAF1-CACE4D33E0C8}.Release|Any CPU.Build.0 = Release|Any CPU
	EndGlobalSection
	GlobalSection(SolutionProperties) = preSolution
		HideSolutionNode = FALSE
	EndGlobalSection
	GlobalSection(ExtensibilityGlobals) = postSolution
		SolutionGuid = {44CB8885-892F-4B5C-83B5-81BC8E8A3916}
	EndGlobalSection
EndGlobal
